
Microsoft Visual Studio Solution File, Format Version 12.00
# Visual Studio Version 17
VisualStudioVersion = 17.14.36429.23 d17.14
MinimumVisualStudioVersion = 10.0.40219.1
Project("{FAE04EC0-301F-11D3-BF4B-00C04F79EFBC}") = "Practice1", "Practice1\Practice1.csproj", "{1B445BB1-3A51-42F3-8040-8627699754F0}"
EndProject
Global
	GlobalSection(SolutionConfigurationPlatforms) = preSolution
		Debug|Any CPU = Debug|Any CPU
		Release|Any CPU = Release|Any CPU
	EndGlobalSection
	GlobalSection(ProjectConfigurationPlatforms) = postSolution
		{1B445BB1-3A51-42F3-8040-8627699754F0}.Debug|Any CPU.ActiveCfg = Debug|Any CPU
		{1B445BB1-3A51-42F3-8040-8627699754F0}.Debug|Any CPU.Build.0 = Debug|Any CPU
		{1B445BB1-3A51-42F3-8040-8627699754F0}.Release|Any CPU.ActiveCfg = Release|Any CPU
		{1B445BB1-3A51-42F3-8040-8627699754F0}.Release|Any CPU.Build.0 = Release|Any CPU
	EndGlobalSection
	GlobalSection(SolutionProperties) = preSolution
		HideSolutionNode = FALSE
	EndGlobalSection
	GlobalSection(ExtensibilityGlobals) = postSolution
		SolutionGuid = {8CCAD4BD-57F9-4407-BA5D-D564047655D6}
	EndGlobalSection
EndGlobal
